
Microsoft Visual Studio Solution File, Format Version 12.00
# Visual Studio 15
VisualStudioVersion = 15.0.27130.2010
MinimumVisualStudioVersion = 10.0.40219.1
Project("{FAE04EC0-301F-11D3-BF4B-00C04F79EFBC}") = "SettingsLoader", "SettingsLoader\SettingsLoader.csproj", "{5537E405-CE01-448A-972E-2A53EDEB40A2}"
EndProject
Global
	GlobalSection(SolutionConfigurationPlatforms) = preSolution
		Debug|Any CPU = Debug|Any CPU
		Release|Any CPU = Release|Any CPU
	EndGlobalSection
	GlobalSection(ProjectConfigurationPlatforms) = postSolution
		{5537E405-CE01-448A-972E-2A53EDEB40A2}.Debug|Any CPU.ActiveCfg = Debug|Any CPU
		{5537E405-CE01-448A-972E-2A53EDEB40A2}.Debug|Any CPU.Build.0 = Debug|Any CPU
		{5537E405-CE01-448A-972E-2A53EDEB40A2}.Release|Any CPU.ActiveCfg = Release|Any CPU
		{5537E405-CE01-448A-972E-2A53EDEB40A2}.Release|Any CPU.Build.0 = Release|Any CPU
	EndGlobalSection
	GlobalSection(SolutionProperties) = preSolution
		HideSolutionNode = FALSE
	EndGlobalSection
	GlobalSection(ExtensibilityGlobals) = postSolution
		SolutionGuid = {D05D85CD-CBD8-4D7A-A332-15F71FD02D01}
	EndGlobalSection
EndGlobal
